
Microsoft Visual Studio Solution File, Format Version 12.00
# Visual Studio Version 16
VisualStudioVersion = 16.0.30330.147
MinimumVisualStudioVersion = 10.0.40219.1
Project("{FAE04EC0-301F-11D3-BF4B-00C04F79EFBC}") = "proyecto_final", "proyecto_final.csproj", "{B7CF6DA2-0414-4A25-B7C3-8F9530056F99}"
EndProject
Global
	GlobalSection(SolutionConfigurationPlatforms) = preSolution
		Debug|Any CPU = Debug|Any CPU
		Release|Any CPU = Release|Any CPU
	EndGlobalSection
	GlobalSection(ProjectConfigurationPlatforms) = postSolution
		{B7CF6DA2-0414-4A25-B7C3-8F9530056F99}.Debug|Any CPU.ActiveCfg = Debug|Any CPU
		{B7CF6DA2-0414-4A25-B7C3-8F9530056F99}.Debug|Any CPU.Build.0 = Debug|Any CPU
		{B7CF6DA2-0414-4A25-B7C3-8F9530056F99}.Release|Any CPU.ActiveCfg = Release|Any CPU
		{B7CF6DA2-0414-4A25-B7C3-8F9530056F99}.Release|Any CPU.Build.0 = Release|Any CPU
	EndGlobalSection
	GlobalSection(SolutionProperties) = preSolution
		HideSolutionNode = FALSE
	EndGlobalSection
	GlobalSection(ExtensibilityGlobals) = postSolution
		SolutionGuid = {3F9460E9-E2B2-494D-88A3-46222A28F5BB}
	EndGlobalSection
EndGlobal
